
Microsoft Visual Studio Solution File, Format Version 12.00
# Visual Studio Version 17
VisualStudioVersion = 17.5.33530.505
MinimumVisualStudioVersion = 10.0.40219.1
Project("{FAE04EC0-301F-11D3-BF4B-00C04F79EFBC}") = "Q3", "Q3.csproj", "{D402934B-653B-48A8-A253-74126F2CAA2E}"
EndProject
Global
	GlobalSection(SolutionConfigurationPlatforms) = preSolution
		Debug|Any CPU = Debug|Any CPU
		Release|Any CPU = Release|Any CPU
	EndGlobalSection
	GlobalSection(ProjectConfigurationPlatforms) = postSolution
		{D402934B-653B-48A8-A253-74126F2CAA2E}.Debug|Any CPU.ActiveCfg = Debug|Any CPU
		{D402934B-653B-48A8-A253-74126F2CAA2E}.Debug|Any CPU.Build.0 = Debug|Any CPU
		{D402934B-653B-48A8-A253-74126F2CAA2E}.Release|Any CPU.ActiveCfg = Release|Any CPU
		{D402934B-653B-48A8-A253-74126F2CAA2E}.Release|Any CPU.Build.0 = Release|Any CPU
	EndGlobalSection
	GlobalSection(SolutionProperties) = preSolution
		HideSolutionNode = FALSE
	EndGlobalSection
	GlobalSection(ExtensibilityGlobals) = postSolution
		SolutionGuid = {E9597311-F6B9-4F4B-B289-93B75B32EC17}
	EndGlobalSection
EndGlobal
