
Microsoft Visual Studio Solution File, Format Version 12.00
# Visual Studio Version 17
VisualStudioVersion = 17.6.33801.468
MinimumVisualStudioVersion = 10.0.40219.1
Project("{FAE04EC0-301F-11D3-BF4B-00C04F79EFBC}") = "3", "3.csproj", "{9E0680D5-B939-421A-B5E2-D2820E3AF666}"
EndProject
Global
	GlobalSection(SolutionConfigurationPlatforms) = preSolution
		Debug|Any CPU = Debug|Any CPU
		Release|Any CPU = Release|Any CPU
	EndGlobalSection
	GlobalSection(ProjectConfigurationPlatforms) = postSolution
		{9E0680D5-B939-421A-B5E2-D2820E3AF666}.Debug|Any CPU.ActiveCfg = Debug|Any CPU
		{9E0680D5-B939-421A-B5E2-D2820E3AF666}.Debug|Any CPU.Build.0 = Debug|Any CPU
		{9E0680D5-B939-421A-B5E2-D2820E3AF666}.Release|Any CPU.ActiveCfg = Release|Any CPU
		{9E0680D5-B939-421A-B5E2-D2820E3AF666}.Release|Any CPU.Build.0 = Release|Any CPU
	EndGlobalSection
	GlobalSection(SolutionProperties) = preSolution
		HideSolutionNode = FALSE
	EndGlobalSection
	GlobalSection(ExtensibilityGlobals) = postSolution
		SolutionGuid = {4E4CEA45-CFFE-4063-B967-A8F4029FFA67}
	EndGlobalSection
EndGlobal
